# name url branch commit [path]   (path defaults to name; relative to UPTERM_ROOT)
# Written by hand from git remote -v / git rev-parse HEAD; refresh with: bin/upterm-bootstrap --update
vtcon  https://github.com/spotUP/UP-Term.git  main  dcac50b1e76589d81f5e82678f4a7e119e452b9a
ixemul-vtcon  https://github.com/spotUP/ixemul-vtcon.git  feature/ixemul-80  c2ccd961924e16cf22cf9acf5415475a319b8f9d
upterm-ports  https://github.com/spotUP/upterm-ports.git  main  eabc6441e8c241e78f9364e06a3f26f8d3bdf5d3
neovim-amiga  https://github.com/spotUP/neovim-amiga.git  main  314a7b2b67e1dd2cd0dbf09a41773949b4511e0a
tmux-amiga  https://github.com/spotUP/tmux-amiga.git  main  91445ab403d95938c248537e9ab0243f7b8757b4
cpython-amiga  https://github.com/spotUP/cpython-amiga.git  main  73ac8b088507a928eaf103a78088dbf8d9172169
screen-amiga  https://github.com/spotUP/screen-amiga.git  main  bdd6fab585c14b6a46b9beb9e2094520749be52a  screen-amiga/src
amiga-gcc  https://codeberg.org/bebbo/amiga-gcc.git  master  511734b9f0bbed2f253ff0cbb48060f7597636ea
amiga-gcc15  https://codeberg.org/bebbo/amiga-gcc  master  6a2b3fb329e98273af88721110a0f6d393057917
# optional
dctelnet-vtcon  git@github.com:spotUP/dctelnet.git  feature/vtcon-engine  fafed3692bda7037e511c93b24b2e1b34d817714
