# name url branch commit [path]   (path defaults to name; relative to UPTERM_ROOT)
# Written by hand from git remote -v / git rev-parse HEAD; refresh with: bin/upterm-bootstrap --update
vtcon  https://github.com/spotUP/UP-Term.git  main  ac3646e1275c04db695f44e42620dbc3f590d43b
ixemul-vtcon  https://github.com/spotUP/ixemul-vtcon.git  feature/ixemul-80  962b5369c61386fa598d57c551269f4bf0272bfc
upterm-ports  https://github.com/spotUP/upterm-ports.git  main  d6b012df1b34f7876355774d2b5ea97dc2b93fad
neovim-amiga  https://github.com/spotUP/neovim-amiga.git  main  437797b5add5d207252044161a9ea46b403babb0
tmux-amiga  https://github.com/spotUP/tmux-amiga.git  main  91445ab403d95938c248537e9ab0243f7b8757b4
cpython-amiga  https://github.com/spotUP/cpython-amiga.git  main  42574f0fb1e0e795f736571e7f955e91851b26a9
screen-amiga  https://github.com/spotUP/screen-amiga.git  main  bdd6fab585c14b6a46b9beb9e2094520749be52a  screen-amiga/src
amiga-gcc  https://codeberg.org/bebbo/amiga-gcc.git  master  511734b9f0bbed2f253ff0cbb48060f7597636ea
amiga-gcc15  https://codeberg.org/bebbo/amiga-gcc  master  6a2b3fb329e98273af88721110a0f6d393057917
dctelnet-v2  git@github.com:spotUP/dctelnet-petscii.git  feature/pr-petscii-case-switch  2448df381eda6ad33bc0e18eeed6b414fe88bdaa
amiexpress-doorserver  git@github.com:spotUP/amiexpress-doorserver.git  main  969bdd612c795187162611642937df08f2726cb1
# optional
dctelnet-vtcon  git@github.com:spotUP/dctelnet.git  feature/vtcon-engine  a233a0d9385edda457912e2e2af000a28baf0e6c
